
Microsoft Visual Studio Solution File, Format Version 12.00
# Visual Studio Version 17
VisualStudioVersion = 17.0.32014.148
MinimumVisualStudioVersion = 10.0.40219.1
Project("{9A19103F-16F7-4668-BE54-9A1E7A4F7556}") = "DocterManagement.BackendAPI", "DocterManagement.BackendAPI\DocterManagement.BackendAPI.csproj", "{8E143115-77D9-4C4E-92F6-E7988EBB94D5}"
EndProject
Project("{9A19103F-16F7-4668-BE54-9A1E7A4F7556}") = "DocterManagement.Data", "DocterManagement.Data\DocterManagement.Data.csproj", "{B9E74AD8-F250-4A93-896E-B9750E97C427}"
EndProject
Project("{9A19103F-16F7-4668-BE54-9A1E7A4F7556}") = "DocterManagement.Application", "DocterManagement.Application\DocterManagement.Application.csproj", "{F61901AD-D1C0-454B-A18B-2AA645FB4EB2}"
EndProject
Project("{FAE04EC0-301F-11D3-BF4B-00C04F79EFBC}") = "DocterManagement.Utilities", "DocterManagement.Utilities\DocterManagement.Utilities.csproj", "{7B313B16-7A1F-45D0-9AE1-C2DC4DC23095}"
EndProject
Project("{FAE04EC0-301F-11D3-BF4B-00C04F79EFBC}") = "DocterManagement.ViewModels", "DocterManagement.ViewModels\DocterManagement.ViewModels.csproj", "{5A73FD86-87DA-45A6-9FC0-2D44E188FD4F}"
EndProject
Project("{FAE04EC0-301F-11D3-BF4B-00C04F79EFBC}") = "DocterManagement.AdminApp", "DocterManagement.AdminApp\DocterManagement.AdminApp.csproj", "{79446DDF-0C79-4FE6-8DFA-74F4282CE007}"
EndProject
Project("{FAE04EC0-301F-11D3-BF4B-00C04F79EFBC}") = "DocterManagement.WebApp", "DocterManagement.WebApp\DocterManagement.WebApp.csproj", "{38C106CA-E40F-411E-83F0-DF36F65926C9}"
EndProject
Project("{FAE04EC0-301F-11D3-BF4B-00C04F79EFBC}") = "DocterManagement.DoctorApp", "DocterManagement.DoctorApp\DocterManagement.DoctorApp.csproj", "{83071BFB-DA8F-4F88-9763-D43EA012F406}"
EndProject
Project("{FAE04EC0-301F-11D3-BF4B-00C04F79EFBC}") = "DocterManagement.ApiIntegration", "DocterManagement.ApiIntegration\DocterManagement.ApiIntegration.csproj", "{2939DEA1-82DD-470A-9EA2-86563184D0B0}"
EndProject
Global
	GlobalSection(SolutionConfigurationPlatforms) = preSolution
		Debug|Any CPU = Debug|Any CPU
		Release|Any CPU = Release|Any CPU
	EndGlobalSection
	GlobalSection(ProjectConfigurationPlatforms) = postSolution
		{8E143115-77D9-4C4E-92F6-E7988EBB94D5}.Debug|Any CPU.ActiveCfg = Debug|Any CPU
		{8E143115-77D9-4C4E-92F6-E7988EBB94D5}.Debug|Any CPU.Build.0 = Debug|Any CPU
		{8E143115-77D9-4C4E-92F6-E7988EBB94D5}.Release|Any CPU.ActiveCfg = Release|Any CPU
		{8E143115-77D9-4C4E-92F6-E7988EBB94D5}.Release|Any CPU.Build.0 = Release|Any CPU
		{B9E74AD8-F250-4A93-896E-B9750E97C427}.Debug|Any CPU.ActiveCfg = Debug|Any CPU
		{B9E74AD8-F250-4A93-896E-B9750E97C427}.Debug|Any CPU.Build.0 = Debug|Any CPU
		{B9E74AD8-F250-4A93-896E-B9750E97C427}.Release|Any CPU.ActiveCfg = Release|Any CPU
		{B9E74AD8-F250-4A93-896E-B9750E97C427}.Release|Any CPU.Build.0 = Release|Any CPU
		{F61901AD-D1C0-454B-A18B-2AA645FB4EB2}.Debug|Any CPU.ActiveCfg = Debug|Any CPU
		{F61901AD-D1C0-454B-A18B-2AA645FB4EB2}.Debug|Any CPU.Build.0 = Debug|Any CPU
		{F61901AD-D1C0-454B-A18B-2AA645FB4EB2}.Release|Any CPU.ActiveCfg = Release|Any CPU
		{F61901AD-D1C0-454B-A18B-2AA645FB4EB2}.Release|Any CPU.Build.0 = Release|Any CPU
		{7B313B16-7A1F-45D0-9AE1-C2DC4DC23095}.Debug|Any CPU.ActiveCfg = Debug|Any CPU
		{7B313B16-7A1F-45D0-9AE1-C2DC4DC23095}.Debug|Any CPU.Build.0 = Debug|Any CPU
		{7B313B16-7A1F-45D0-9AE1-C2DC4DC23095}.Release|Any CPU.ActiveCfg = Release|Any CPU
		{7B313B16-7A1F-45D0-9AE1-C2DC4DC23095}.Release|Any CPU.Build.0 = Release|Any CPU
		{5A73FD86-87DA-45A6-9FC0-2D44E188FD4F}.Debug|Any CPU.ActiveCfg = Debug|Any CPU
		{5A73FD86-87DA-45A6-9FC0-2D44E188FD4F}.Debug|Any CPU.Build.0 = Debug|Any CPU
		{5A73FD86-87DA-45A6-9FC0-2D44E188FD4F}.Release|Any CPU.ActiveCfg = Release|Any CPU
		{5A73FD86-87DA-45A6-9FC0-2D44E188FD4F}.Release|Any CPU.Build.0 = Release|Any CPU
		{79446DDF-0C79-4FE6-8DFA-74F4282CE007}.Debug|Any CPU.ActiveCfg = Debug|Any CPU
		{79446DDF-0C79-4FE6-8DFA-74F4282CE007}.Debug|Any CPU.Build.0 = Debug|Any CPU
		{79446DDF-0C79-4FE6-8DFA-74F4282CE007}.Release|Any CPU.ActiveCfg = Release|Any CPU
		{79446DDF-0C79-4FE6-8DFA-74F4282CE007}.Release|Any CPU.Build.0 = Release|Any CPU
		{38C106CA-E40F-411E-83F0-DF36F65926C9}.Debug|Any CPU.ActiveCfg = Debug|Any CPU
		{38C106CA-E40F-411E-83F0-DF36F65926C9}.Debug|Any CPU.Build.0 = Debug|Any CPU
		{38C106CA-E40F-411E-83F0-DF36F65926C9}.Release|Any CPU.ActiveCfg = Release|Any CPU
		{38C106CA-E40F-411E-83F0-DF36F65926C9}.Release|Any CPU.Build.0 = Release|Any CPU
		{83071BFB-DA8F-4F88-9763-D43EA012F406}.Debug|Any CPU.ActiveCfg = Debug|Any CPU
		{83071BFB-DA8F-4F88-9763-D43EA012F406}.Debug|Any CPU.Build.0 = Debug|Any CPU
		{83071BFB-DA8F-4F88-9763-D43EA012F406}.Release|Any CPU.ActiveCfg = Release|Any CPU
		{83071BFB-DA8F-4F88-9763-D43EA012F406}.Release|Any CPU.Build.0 = Release|Any CPU
		{2939DEA1-82DD-470A-9EA2-86563184D0B0}.Debug|Any CPU.ActiveCfg = Debug|Any CPU
		{2939DEA1-82DD-470A-9EA2-86563184D0B0}.Debug|Any CPU.Build.0 = Debug|Any CPU
		{2939DEA1-82DD-470A-9EA2-86563184D0B0}.Release|Any CPU.ActiveCfg = Release|Any CPU
		{2939DEA1-82DD-470A-9EA2-86563184D0B0}.Release|Any CPU.Build.0 = Release|Any CPU
	EndGlobalSection
	GlobalSection(SolutionProperties) = preSolution
		HideSolutionNode = FALSE
	EndGlobalSection
	GlobalSection(ExtensibilityGlobals) = postSolution
		SolutionGuid = {CC825D7C-4026-4647-9BF7-31193DEEC427}
	EndGlobalSection
EndGlobal
